{
  "pins" : [
    {
      "identity" : "keyboardshortcuts",
      "kind" : "remoteSourceControl",
      "location" : "https://github.com/sindresorhus/KeyboardShortcuts",
      "state" : {
        "revision" : "81e72f4787f2d642d788594834f42431f079e505",
        "version" : "0.6.0"
      }
    },
    {
      "identity" : "launchatlogin",
      "kind" : "remoteSourceControl",
      "location" : "https://github.com/sindresorhus/LaunchAtLogin",
      "state" : {
        "revision" : "0f39982b9d6993eef253b81219d3c39ba1e680f3",
        "version" : "4.0.0"
      }
    },
    {
      "identity" : "sparkle",
      "kind" : "remoteSourceControl",
      "location" : "https://github.com/sparkle-project/Sparkle",
      "state" : {
        "revision" : "7918c1c8fc68baa37917eeaa67286b077ad5e393",
        "version" : "1.27.1"
      }
    }
  ],
  "version" : 2
}
