// !$*UTF8*$!
{
	archiveVersion = 1;
	classes = {
	};
	objectVersion = 54;
	objects = {

/* Begin PBXBuildFile section */
		4C02BD6D2C0894DC00F07491 /* Scriptable.sdef in Resources */ = {isa = PBXBuildFile; fileRef = 4C02BD6C2C0894DC00F07491 /* Scriptable.sdef */; };
		4C02BD6F2C0894F500F07491 /* RefreshCommand.swift in Sources */ = {isa = PBXBuildFile; fileRef = 4C02BD6E2C0894F500F07491 /* RefreshCommand.swift */; };
		E828E6552737CBA0007075E8 /* VisualEffectView.swift in Sources */ = {isa = PBXBuildFile; fileRef = E828E6542737CBA0007075E8 /* VisualEffectView.swift */; };
		E828E6582737D2E4007075E8 /* Constants.swift in Sources */ = {isa = PBXBuildFile; fileRef = E828E6572737D2E4007075E8 /* Constants.swift */; };
		E87334E9256B51CF0012586E /* AppDelegate.swift in Sources */ = {isa = PBXBuildFile; fileRef = E87334E8256B51CF0012586E /* AppDelegate.swift */; };
		E87334EB256B51CF0012586E /* PreferencesView.swift in Sources */ = {isa = PBXBuildFile; fileRef = E87334EA256B51CF0012586E /* PreferencesView.swift */; };
		E87334ED256B51CF0012586E /* Assets.xcassets in Resources */ = {isa = PBXBuildFile; fileRef = E87334EC256B51CF0012586E /* Assets.xcassets */; };
		E87334F0256B51CF0012586E /* Preview Assets.xcassets in Resources */ = {isa = PBXBuildFile; fileRef = E87334EF256B51CF0012586E /* Preview Assets.xcassets */; };
		E87334F3256B51CF0012586E /* Main.storyboard in Resources */ = {isa = PBXBuildFile; fileRef = E87334F1256B51CF0012586E /* Main.storyboard */; };
		E8733503256B532D0012586E /* StatusBar.swift in Sources */ = {isa = PBXBuildFile; fileRef = E8733502256B532D0012586E /* StatusBar.swift */; };
		E8733507256B57400012586E /* SpaceObserver.swift in Sources */ = {isa = PBXBuildFile; fileRef = E8733506256B57400012586E /* SpaceObserver.swift */; };
		E873350E256B5F0F0012586E /* Space.swift in Sources */ = {isa = PBXBuildFile; fileRef = E873350D256B5F0F0012586E /* Space.swift */; };
		E8733511256B779B0012586E /* IconCreator.swift in Sources */ = {isa = PBXBuildFile; fileRef = E8733510256B779B0012586E /* IconCreator.swift */; };
		E8733517256C6F3A0012586E /* Extensions.swift in Sources */ = {isa = PBXBuildFile; fileRef = E8733516256C6F3A0012586E /* Extensions.swift */; };
		E8C5AFF52580848100614F50 /* AboutView.swift in Sources */ = {isa = PBXBuildFile; fileRef = E8C5AFF42580848100614F50 /* AboutView.swift */; };
		E8CA0CB82775F35B004A3C75 /* Sparkle in Frameworks */ = {isa = PBXBuildFile; productRef = E8CA0CB72775F35B004A3C75 /* Sparkle */; };
		E8E2AEF8257CB4D700319BBC /* PreferencesViewModel.swift in Sources */ = {isa = PBXBuildFile; fileRef = E8E2AEF7257CB4D700319BBC /* PreferencesViewModel.swift */; };
		E8E2AEFF257CB5AF00319BBC /* SpacemanStyle.swift in Sources */ = {isa = PBXBuildFile; fileRef = E8E2AEFE257CB5AF00319BBC /* SpacemanStyle.swift */; };
		E8E2AF03257CB5CE00319BBC /* SpaceNameInfo.swift in Sources */ = {isa = PBXBuildFile; fileRef = E8E2AF02257CB5CE00319BBC /* SpaceNameInfo.swift */; };
		E8E8D41C2585A80B00671AE9 /* KeyboardShortcuts in Frameworks */ = {isa = PBXBuildFile; productRef = E8E8D41B2585A80B00671AE9 /* KeyboardShortcuts */; };
		E8EBF08C2575F8E4001BA74F /* LaunchAtLogin in Frameworks */ = {isa = PBXBuildFile; productRef = E8EBF08B2575F8E4001BA74F /* LaunchAtLogin */; };
		E8EBF091257739ED001BA74F /* PreferencesWindow.swift in Sources */ = {isa = PBXBuildFile; fileRef = E8EBF090257739ED001BA74F /* PreferencesWindow.swift */; };
/* End PBXBuildFile section */

/* Begin PBXFileReference section */
		4C02BD6C2C0894DC00F07491 /* Scriptable.sdef */ = {isa = PBXFileReference; fileEncoding = 4; lastKnownFileType = text.xml; path = Scriptable.sdef; sourceTree = "<group>"; };
		4C02BD6E2C0894F500F07491 /* RefreshCommand.swift */ = {isa = PBXFileReference; fileEncoding = 4; lastKnownFileType = sourcecode.swift; path = RefreshCommand.swift; sourceTree = "<group>"; };
		E828E6542737CBA0007075E8 /* VisualEffectView.swift */ = {isa = PBXFileReference; lastKnownFileType = sourcecode.swift; path = VisualEffectView.swift; sourceTree = "<group>"; };
		E828E6572737D2E4007075E8 /* Constants.swift */ = {isa = PBXFileReference; lastKnownFileType = sourcecode.swift; path = Constants.swift; sourceTree = "<group>"; };
		E87334E5256B51CF0012586E /* Spaceman.app */ = {isa = PBXFileReference; explicitFileType = wrapper.application; includeInIndex = 0; path = Spaceman.app; sourceTree = BUILT_PRODUCTS_DIR; };
		E87334E8256B51CF0012586E /* AppDelegate.swift */ = {isa = PBXFileReference; lastKnownFileType = sourcecode.swift; path = AppDelegate.swift; sourceTree = "<group>"; };
		E87334EA256B51CF0012586E /* PreferencesView.swift */ = {isa = PBXFileReference; lastKnownFileType = sourcecode.swift; path = PreferencesView.swift; sourceTree = "<group>"; };
		E87334EC256B51CF0012586E /* Assets.xcassets */ = {isa = PBXFileReference; lastKnownFileType = folder.assetcatalog; path = Assets.xcassets; sourceTree = "<group>"; };
		E87334EF256B51CF0012586E /* Preview Assets.xcassets */ = {isa = PBXFileReference; lastKnownFileType = folder.assetcatalog; path = "Preview Assets.xcassets"; sourceTree = "<group>"; };
		E87334F2256B51CF0012586E /* Base */ = {isa = PBXFileReference; lastKnownFileType = file.storyboard; name = Base; path = Base.lproj/Main.storyboard; sourceTree = "<group>"; };
		E87334F4256B51CF0012586E /* Info.plist */ = {isa = PBXFileReference; lastKnownFileType = text.plist.xml; path = Info.plist; sourceTree = "<group>"; };
		E87334F5256B51CF0012586E /* Spaceman.entitlements */ = {isa = PBXFileReference; lastKnownFileType = text.plist.entitlements; path = Spaceman.entitlements; sourceTree = "<group>"; };
		E87334FC256B52650012586E /* Spaceman-Bridging-Header.h */ = {isa = PBXFileReference; lastKnownFileType = sourcecode.c.h; path = "Spaceman-Bridging-Header.h"; sourceTree = "<group>"; };
		E8733502256B532D0012586E /* StatusBar.swift */ = {isa = PBXFileReference; lastKnownFileType = sourcecode.swift; path = StatusBar.swift; sourceTree = "<group>"; };
		E8733506256B57400012586E /* SpaceObserver.swift */ = {isa = PBXFileReference; lastKnownFileType = sourcecode.swift; path = SpaceObserver.swift; sourceTree = "<group>"; };
		E873350D256B5F0F0012586E /* Space.swift */ = {isa = PBXFileReference; lastKnownFileType = sourcecode.swift; path = Space.swift; sourceTree = "<group>"; };
		E8733510256B779B0012586E /* IconCreator.swift */ = {isa = PBXFileReference; lastKnownFileType = sourcecode.swift; path = IconCreator.swift; sourceTree = "<group>"; };
		E8733516256C6F3A0012586E /* Extensions.swift */ = {isa = PBXFileReference; lastKnownFileType = sourcecode.swift; path = Extensions.swift; sourceTree = "<group>"; };
		E8C5AFF42580848100614F50 /* AboutView.swift */ = {isa = PBXFileReference; lastKnownFileType = sourcecode.swift; path = AboutView.swift; sourceTree = "<group>"; };
		E8E2AEF7257CB4D700319BBC /* PreferencesViewModel.swift */ = {isa = PBXFileReference; lastKnownFileType = sourcecode.swift; path = PreferencesViewModel.swift; sourceTree = "<group>"; };
		E8E2AEFE257CB5AF00319BBC /* SpacemanStyle.swift */ = {isa = PBXFileReference; lastKnownFileType = sourcecode.swift; path = SpacemanStyle.swift; sourceTree = "<group>"; };
		E8E2AF02257CB5CE00319BBC /* SpaceNameInfo.swift */ = {isa = PBXFileReference; lastKnownFileType = sourcecode.swift; path = SpaceNameInfo.swift; sourceTree = "<group>"; };
		E8EBF090257739ED001BA74F /* PreferencesWindow.swift */ = {isa = PBXFileReference; lastKnownFileType = sourcecode.swift; path = PreferencesWindow.swift; sourceTree = "<group>"; };
/* End PBXFileReference section */

/* Begin PBXFrameworksBuildPhase section */
		E87334E2256B51CF0012586E /* Frameworks */ = {
			isa = PBXFrameworksBuildPhase;
			buildActionMask = 2147483647;
			files = (
				E8CA0CB82775F35B004A3C75 /* Sparkle in Frameworks */,
				E8EBF08C2575F8E4001BA74F /* LaunchAtLogin in Frameworks */,
				E8E8D41C2585A80B00671AE9 /* KeyboardShortcuts in Frameworks */,
			);
			runOnlyForDeploymentPostprocessing = 0;
		};
/* End PBXFrameworksBuildPhase section */

/* Begin PBXGroup section */
		E828E6562737D2CF007075E8 /* Utilities */ = {
			isa = PBXGroup;
			children = (
				E828E6572737D2E4007075E8 /* Constants.swift */,
			);
			path = Utilities;
			sourceTree = "<group>";
		};
		E87334DC256B51CF0012586E = {
			isa = PBXGroup;
			children = (
				E87334E7256B51CF0012586E /* Spaceman */,
				E87334E6256B51CF0012586E /* Products */,
			);
			sourceTree = "<group>";
		};
		E87334E6256B51CF0012586E /* Products */ = {
			isa = PBXGroup;
			children = (
				E87334E5256B51CF0012586E /* Spaceman.app */,
			);
			name = Products;
			sourceTree = "<group>";
		};
		E87334E7256B51CF0012586E /* Spaceman */ = {
			isa = PBXGroup;
			children = (
				4C02BD6C2C0894DC00F07491 /* Scriptable.sdef */,
				E87334E8256B51CF0012586E /* AppDelegate.swift */,
				E8E2AEF5257CB4A500319BBC /* View */,
				E8E2AEF6257CB4AC00319BBC /* ViewModel */,
				E8E2AEFC257CB51C00319BBC /* Model */,
				E8733509256B575D0012586E /* Helpers */,
				E828E6562737D2CF007075E8 /* Utilities */,
				E8733516256C6F3A0012586E /* Extensions.swift */,
				E87334FC256B52650012586E /* Spaceman-Bridging-Header.h */,
				E87334EC256B51CF0012586E /* Assets.xcassets */,
				E87334F1256B51CF0012586E /* Main.storyboard */,
				E87334F4256B51CF0012586E /* Info.plist */,
				E87334F5256B51CF0012586E /* Spaceman.entitlements */,
				E87334EE256B51CF0012586E /* Preview Content */,
			);
			path = Spaceman;
			sourceTree = "<group>";
		};
		E87334EE256B51CF0012586E /* Preview Content */ = {
			isa = PBXGroup;
			children = (
				E87334EF256B51CF0012586E /* Preview Assets.xcassets */,
			);
			path = "Preview Content";
			sourceTree = "<group>";
		};
		E8733509256B575D0012586E /* Helpers */ = {
			isa = PBXGroup;
			children = (
				4C02BD6E2C0894F500F07491 /* RefreshCommand.swift */,
				E8733506256B57400012586E /* SpaceObserver.swift */,
				E8733510256B779B0012586E /* IconCreator.swift */,
			);
			path = Helpers;
			sourceTree = "<group>";
		};
		E8E2AEF5257CB4A500319BBC /* View */ = {
			isa = PBXGroup;
			children = (
				E8733502256B532D0012586E /* StatusBar.swift */,
				E8C5AFF42580848100614F50 /* AboutView.swift */,
				E8EBF090257739ED001BA74F /* PreferencesWindow.swift */,
				E87334EA256B51CF0012586E /* PreferencesView.swift */,
				E828E6542737CBA0007075E8 /* VisualEffectView.swift */,
			);
			path = View;
			sourceTree = "<group>";
		};
		E8E2AEF6257CB4AC00319BBC /* ViewModel */ = {
			isa = PBXGroup;
			children = (
				E8E2AEF7257CB4D700319BBC /* PreferencesViewModel.swift */,
			);
			path = ViewModel;
			sourceTree = "<group>";
		};
		E8E2AEFC257CB51C00319BBC /* Model */ = {
			isa = PBXGroup;
			children = (
				E873350D256B5F0F0012586E /* Space.swift */,
				E8E2AEFE257CB5AF00319BBC /* SpacemanStyle.swift */,
				E8E2AF02257CB5CE00319BBC /* SpaceNameInfo.swift */,
			);
			path = Model;
			sourceTree = "<group>";
		};
/* End PBXGroup section */

/* Begin PBXNativeTarget section */
		E87334E4256B51CF0012586E /* Spaceman */ = {
			isa = PBXNativeTarget;
			buildConfigurationList = E87334F8256B51CF0012586E /* Build configuration list for PBXNativeTarget "Spaceman" */;
			buildPhases = (
				E87334E1256B51CF0012586E /* Sources */,
				E87334E2256B51CF0012586E /* Frameworks */,
				E87334E3256B51CF0012586E /* Resources */,
				E8EBF08E25760A8F001BA74F /* ShellScript */,
			);
			buildRules = (
			);
			dependencies = (
			);
			name = Spaceman;
			packageProductDependencies = (
				E8EBF08B2575F8E4001BA74F /* LaunchAtLogin */,
				E8E8D41B2585A80B00671AE9 /* KeyboardShortcuts */,
				E8CA0CB72775F35B004A3C75 /* Sparkle */,
			);
			productName = Spaceman;
			productReference = E87334E5256B51CF0012586E /* Spaceman.app */;
			productType = "com.apple.product-type.application";
		};
/* End PBXNativeTarget section */

/* Begin PBXProject section */
		E87334DD256B51CF0012586E /* Project object */ = {
			isa = PBXProject;
			attributes = {
				LastSwiftUpdateCheck = 1220;
				LastUpgradeCheck = 1420;
				TargetAttributes = {
					E87334E4256B51CF0012586E = {
						CreatedOnToolsVersion = 12.2;
					};
				};
			};
			buildConfigurationList = E87334E0256B51CF0012586E /* Build configuration list for PBXProject "Spaceman" */;
			compatibilityVersion = "Xcode 9.3";
			developmentRegion = en;
			hasScannedForEncodings = 0;
			knownRegions = (
				en,
				Base,
			);
			mainGroup = E87334DC256B51CF0012586E;
			packageReferences = (
				E8EBF08A2575F8E4001BA74F /* XCRemoteSwiftPackageReference "LaunchAtLogin" */,
				E8E8D41A2585A80B00671AE9 /* XCRemoteSwiftPackageReference "KeyboardShortcuts" */,
				E8CA0CB62775F35B004A3C75 /* XCRemoteSwiftPackageReference "Sparkle" */,
			);
			productRefGroup = E87334E6256B51CF0012586E /* Products */;
			projectDirPath = "";
			projectRoot = "";
			targets = (
				E87334E4256B51CF0012586E /* Spaceman */,
			);
		};
/* End PBXProject section */

/* Begin PBXResourcesBuildPhase section */
		E87334E3256B51CF0012586E /* Resources */ = {
			isa = PBXResourcesBuildPhase;
			buildActionMask = 2147483647;
			files = (
				4C02BD6D2C0894DC00F07491 /* Scriptable.sdef in Resources */,
				E87334F3256B51CF0012586E /* Main.storyboard in Resources */,
				E87334F0256B51CF0012586E /* Preview Assets.xcassets in Resources */,
				E87334ED256B51CF0012586E /* Assets.xcassets in Resources */,
			);
			runOnlyForDeploymentPostprocessing = 0;
		};
/* End PBXResourcesBuildPhase section */

/* Begin PBXShellScriptBuildPhase section */
		E8EBF08E25760A8F001BA74F /* ShellScript */ = {
			isa = PBXShellScriptBuildPhase;
			alwaysOutOfDate = 1;
			buildActionMask = 2147483647;
			files = (
			);
			inputFileListPaths = (
			);
			inputPaths = (
			);
			outputFileListPaths = (
			);
			outputPaths = (
			);
			runOnlyForDeploymentPostprocessing = 0;
			shellPath = /bin/sh;
			shellScript = "# Type a script or drag a script file from your workspace to insert its path.\n\"${BUILT_PRODUCTS_DIR}/LaunchAtLogin_LaunchAtLogin.bundle/Contents/Resources/copy-helper-swiftpm.sh\"\n";
		};
/* End PBXShellScriptBuildPhase section */

/* Begin PBXSourcesBuildPhase section */
		E87334E1256B51CF0012586E /* Sources */ = {
			isa = PBXSourcesBuildPhase;
			buildActionMask = 2147483647;
			files = (
				E873350E256B5F0F0012586E /* Space.swift in Sources */,
				4C02BD6F2C0894F500F07491 /* RefreshCommand.swift in Sources */,
				E8E2AEF8257CB4D700319BBC /* PreferencesViewModel.swift in Sources */,
				E8733503256B532D0012586E /* StatusBar.swift in Sources */,
				E87334EB256B51CF0012586E /* PreferencesView.swift in Sources */,
				E8C5AFF52580848100614F50 /* AboutView.swift in Sources */,
				E8733507256B57400012586E /* SpaceObserver.swift in Sources */,
				E8733511256B779B0012586E /* IconCreator.swift in Sources */,
				E87334E9256B51CF0012586E /* AppDelegate.swift in Sources */,
				E8E2AF03257CB5CE00319BBC /* SpaceNameInfo.swift in Sources */,
				E8EBF091257739ED001BA74F /* PreferencesWindow.swift in Sources */,
				E8E2AEFF257CB5AF00319BBC /* SpacemanStyle.swift in Sources */,
				E828E6582737D2E4007075E8 /* Constants.swift in Sources */,
				E828E6552737CBA0007075E8 /* VisualEffectView.swift in Sources */,
				E8733517256C6F3A0012586E /* Extensions.swift in Sources */,
			);
			runOnlyForDeploymentPostprocessing = 0;
		};
/* End PBXSourcesBuildPhase section */

/* Begin PBXVariantGroup section */
		E87334F1256B51CF0012586E /* Main.storyboard */ = {
			isa = PBXVariantGroup;
			children = (
				E87334F2256B51CF0012586E /* Base */,
			);
			name = Main.storyboard;
			sourceTree = "<group>";
		};
/* End PBXVariantGroup section */

/* Begin XCBuildConfiguration section */
		E87334F6256B51CF0012586E /* Debug */ = {
			isa = XCBuildConfiguration;
			buildSettings = {
				ALWAYS_SEARCH_USER_PATHS = NO;
				CLANG_ANALYZER_NONNULL = YES;
				CLANG_ANALYZER_NUMBER_OBJECT_CONVERSION = YES_AGGRESSIVE;
				CLANG_CXX_LANGUAGE_STANDARD = "gnu++14";
				CLANG_CXX_LIBRARY = "libc++";
				CLANG_ENABLE_MODULES = YES;
				CLANG_ENABLE_OBJC_ARC = YES;
				CLANG_ENABLE_OBJC_WEAK = YES;
				CLANG_WARN_BLOCK_CAPTURE_AUTORELEASING = YES;
				CLANG_WARN_BOOL_CONVERSION = YES;
				CLANG_WARN_COMMA = YES;
				CLANG_WARN_CONSTANT_CONVERSION = YES;
				CLANG_WARN_DEPRECATED_OBJC_IMPLEMENTATIONS = YES;
				CLANG_WARN_DIRECT_OBJC_ISA_USAGE = YES_ERROR;
				CLANG_WARN_DOCUMENTATION_COMMENTS = YES;
				CLANG_WARN_EMPTY_BODY = YES;
				CLANG_WARN_ENUM_CONVERSION = YES;
				CLANG_WARN_INFINITE_RECURSION = YES;
				CLANG_WARN_INT_CONVERSION = YES;
				CLANG_WARN_NON_LITERAL_NULL_CONVERSION = YES;
				CLANG_WARN_OBJC_IMPLICIT_RETAIN_SELF = YES;
				CLANG_WARN_OBJC_LITERAL_CONVERSION = YES;
				CLANG_WARN_OBJC_ROOT_CLASS = YES_ERROR;
				CLANG_WARN_QUOTED_INCLUDE_IN_FRAMEWORK_HEADER = YES;
				CLANG_WARN_RANGE_LOOP_ANALYSIS = YES;
				CLANG_WARN_STRICT_PROTOTYPES = YES;
				CLANG_WARN_SUSPICIOUS_MOVE = YES;
				CLANG_WARN_UNGUARDED_AVAILABILITY = YES_AGGRESSIVE;
				CLANG_WARN_UNREACHABLE_CODE = YES;
				CLANG_WARN__DUPLICATE_METHOD_MATCH = YES;
				COPY_PHASE_STRIP = NO;
				DEAD_CODE_STRIPPING = YES;
				DEBUG_INFORMATION_FORMAT = dwarf;
				ENABLE_STRICT_OBJC_MSGSEND = YES;
				ENABLE_TESTABILITY = YES;
				ENABLE_USER_SCRIPT_SANDBOXING = NO;
				GCC_C_LANGUAGE_STANDARD = gnu11;
				GCC_DYNAMIC_NO_PIC = NO;
				GCC_NO_COMMON_BLOCKS = YES;
				GCC_OPTIMIZATION_LEVEL = 0;
				GCC_PREPROCESSOR_DEFINITIONS = (
					"DEBUG=1",
					"$(inherited)",
				);
				GCC_WARN_64_TO_32_BIT_CONVERSION = YES;
				GCC_WARN_ABOUT_RETURN_TYPE = YES_ERROR;
				GCC_WARN_UNDECLARED_SELECTOR = YES;
				GCC_WARN_UNINITIALIZED_AUTOS = YES_AGGRESSIVE;
				GCC_WARN_UNUSED_FUNCTION = YES;
				GCC_WARN_UNUSED_VARIABLE = YES;
				MACOSX_DEPLOYMENT_TARGET = 11.0;
				MTL_ENABLE_DEBUG_INFO = INCLUDE_SOURCE;
				MTL_FAST_MATH = YES;
				ONLY_ACTIVE_ARCH = YES;
				SDKROOT = macosx;
				SWIFT_ACTIVE_COMPILATION_CONDITIONS = DEBUG;
				SWIFT_OPTIMIZATION_LEVEL = "-Onone";
			};
			name = Debug;
		};
		E87334F7256B51CF0012586E /* Release */ = {
			isa = XCBuildConfiguration;
			buildSettings = {
				ALWAYS_SEARCH_USER_PATHS = NO;
				CLANG_ANALYZER_NONNULL = YES;
				CLANG_ANALYZER_NUMBER_OBJECT_CONVERSION = YES_AGGRESSIVE;
				CLANG_CXX_LANGUAGE_STANDARD = "gnu++14";
				CLANG_CXX_LIBRARY = "libc++";
				CLANG_ENABLE_MODULES = YES;
				CLANG_ENABLE_OBJC_ARC = YES;
				CLANG_ENABLE_OBJC_WEAK = YES;
				CLANG_WARN_BLOCK_CAPTURE_AUTORELEASING = YES;
				CLANG_WARN_BOOL_CONVERSION = YES;
				CLANG_WARN_COMMA = YES;
				CLANG_WARN_CONSTANT_CONVERSION = YES;
				CLANG_WARN_DEPRECATED_OBJC_IMPLEMENTATIONS = YES;
				CLANG_WARN_DIRECT_OBJC_ISA_USAGE = YES_ERROR;
				CLANG_WARN_DOCUMENTATION_COMMENTS = YES;
				CLANG_WARN_EMPTY_BODY = YES;
				CLANG_WARN_ENUM_CONVERSION = YES;
				CLANG_WARN_INFINITE_RECURSION = YES;
				CLANG_WARN_INT_CONVERSION = YES;
				CLANG_WARN_NON_LITERAL_NULL_CONVERSION = YES;
				CLANG_WARN_OBJC_IMPLICIT_RETAIN_SELF = YES;
				CLANG_WARN_OBJC_LITERAL_CONVERSION = YES;
				CLANG_WARN_OBJC_ROOT_CLASS = YES_ERROR;
				CLANG_WARN_QUOTED_INCLUDE_IN_FRAMEWORK_HEADER = YES;
				CLANG_WARN_RANGE_LOOP_ANALYSIS = YES;
				CLANG_WARN_STRICT_PROTOTYPES = YES;
				CLANG_WARN_SUSPICIOUS_MOVE = YES;
				CLANG_WARN_UNGUARDED_AVAILABILITY = YES_AGGRESSIVE;
				CLANG_WARN_UNREACHABLE_CODE = YES;
				CLANG_WARN__DUPLICATE_METHOD_MATCH = YES;
				COPY_PHASE_STRIP = NO;
				DEAD_CODE_STRIPPING = YES;
				DEBUG_INFORMATION_FORMAT = "dwarf-with-dsym";
				ENABLE_NS_ASSERTIONS = NO;
				ENABLE_STRICT_OBJC_MSGSEND = YES;
				ENABLE_USER_SCRIPT_SANDBOXING = NO;
				GCC_C_LANGUAGE_STANDARD = gnu11;
				GCC_NO_COMMON_BLOCKS = YES;
				GCC_WARN_64_TO_32_BIT_CONVERSION = YES;
				GCC_WARN_ABOUT_RETURN_TYPE = YES_ERROR;
				GCC_WARN_UNDECLARED_SELECTOR = YES;
				GCC_WARN_UNINITIALIZED_AUTOS = YES_AGGRESSIVE;
				GCC_WARN_UNUSED_FUNCTION = YES;
				GCC_WARN_UNUSED_VARIABLE = YES;
				MACOSX_DEPLOYMENT_TARGET = 11.0;
				MTL_ENABLE_DEBUG_INFO = NO;
				MTL_FAST_MATH = YES;
				SDKROOT = macosx;
				SWIFT_COMPILATION_MODE = wholemodule;
				SWIFT_OPTIMIZATION_LEVEL = "-O";
			};
			name = Release;
		};
		E87334F9256B51CF0012586E /* Debug */ = {
			isa = XCBuildConfiguration;
			buildSettings = {
				ASSETCATALOG_COMPILER_APPICON_NAME = AppIcon;
				ASSETCATALOG_COMPILER_GLOBAL_ACCENT_COLOR_NAME = AccentColor;
				CODE_SIGN_ENTITLEMENTS = Spaceman/Spaceman.entitlements;
				CODE_SIGN_IDENTITY = "Apple Development";
				CODE_SIGN_STYLE = Automatic;
				COMBINE_HIDPI_IMAGES = YES;
				CURRENT_PROJECT_VERSION = 1.0;
				DEAD_CODE_STRIPPING = YES;
				DEVELOPMENT_ASSET_PATHS = "\"Spaceman/Preview Content\"";
				DEVELOPMENT_TEAM = P2Q7LG69J2;
				ENABLE_HARDENED_RUNTIME = YES;
				ENABLE_PREVIEWS = YES;
				FRAMEWORK_SEARCH_PATHS = "$(inherited)";
				INFOPLIST_FILE = Spaceman/Info.plist;
				LD_RUNPATH_SEARCH_PATHS = (
					"$(inherited)",
					"@executable_path/../Frameworks",
				);
				MACOSX_DEPLOYMENT_TARGET = 11.0;
				MARKETING_VERSION = 1.0;
				PRODUCT_BUNDLE_IDENTIFIER = dev.jaysce.Spaceman;
				PRODUCT_NAME = "$(TARGET_NAME)";
				SWIFT_OBJC_BRIDGING_HEADER = "Spaceman/Spaceman-Bridging-Header.h";
				SWIFT_VERSION = 5.0;
			};
			name = Debug;
		};
		E87334FA256B51CF0012586E /* Release */ = {
			isa = XCBuildConfiguration;
			buildSettings = {
				ASSETCATALOG_COMPILER_APPICON_NAME = AppIcon;
				ASSETCATALOG_COMPILER_GLOBAL_ACCENT_COLOR_NAME = AccentColor;
				CODE_SIGN_ENTITLEMENTS = Spaceman/Spaceman.entitlements;
				CODE_SIGN_IDENTITY = "Apple Development";
				CODE_SIGN_STYLE = Automatic;
				COMBINE_HIDPI_IMAGES = YES;
				CURRENT_PROJECT_VERSION = 1.0;
				DEAD_CODE_STRIPPING = YES;
				DEVELOPMENT_ASSET_PATHS = "\"Spaceman/Preview Content\"";
				DEVELOPMENT_TEAM = P2Q7LG69J2;
				ENABLE_HARDENED_RUNTIME = YES;
				ENABLE_PREVIEWS = YES;
				FRAMEWORK_SEARCH_PATHS = "$(inherited)";
				INFOPLIST_FILE = Spaceman/Info.plist;
				LD_RUNPATH_SEARCH_PATHS = (
					"$(inherited)",
					"@executable_path/../Frameworks",
				);
				MACOSX_DEPLOYMENT_TARGET = 11.0;
				MARKETING_VERSION = 1.0;
				PRODUCT_BUNDLE_IDENTIFIER = dev.jaysce.Spaceman;
				PRODUCT_NAME = "$(TARGET_NAME)";
				SWIFT_OBJC_BRIDGING_HEADER = "Spaceman/Spaceman-Bridging-Header.h";
				SWIFT_VERSION = 5.0;
			};
			name = Release;
		};
/* End XCBuildConfiguration section */

/* Begin XCConfigurationList section */
		E87334E0256B51CF0012586E /* Build configuration list for PBXProject "Spaceman" */ = {
			isa = XCConfigurationList;
			buildConfigurations = (
				E87334F6256B51CF0012586E /* Debug */,
				E87334F7256B51CF0012586E /* Release */,
			);
			defaultConfigurationIsVisible = 0;
			defaultConfigurationName = Release;
		};
		E87334F8256B51CF0012586E /* Build configuration list for PBXNativeTarget "Spaceman" */ = {
			isa = XCConfigurationList;
			buildConfigurations = (
				E87334F9256B51CF0012586E /* Debug */,
				E87334FA256B51CF0012586E /* Release */,
			);
			defaultConfigurationIsVisible = 0;
			defaultConfigurationName = Release;
		};
/* End XCConfigurationList section */

/* Begin XCRemoteSwiftPackageReference section */
		E8CA0CB62775F35B004A3C75 /* XCRemoteSwiftPackageReference "Sparkle" */ = {
			isa = XCRemoteSwiftPackageReference;
			repositoryURL = "https://github.com/sparkle-project/Sparkle";
			requirement = {
				kind = upToNextMajorVersion;
				minimumVersion = 1.0.0;
			};
		};
		E8E8D41A2585A80B00671AE9 /* XCRemoteSwiftPackageReference "KeyboardShortcuts" */ = {
			isa = XCRemoteSwiftPackageReference;
			repositoryURL = "https://github.com/sindresorhus/KeyboardShortcuts";
			requirement = {
				kind = upToNextMajorVersion;
				minimumVersion = 0.6.0;
			};
		};
		E8EBF08A2575F8E4001BA74F /* XCRemoteSwiftPackageReference "LaunchAtLogin" */ = {
			isa = XCRemoteSwiftPackageReference;
			repositoryURL = "https://github.com/sindresorhus/LaunchAtLogin";
			requirement = {
				kind = upToNextMajorVersion;
				minimumVersion = 4.0.0;
			};
		};
/* End XCRemoteSwiftPackageReference section */

/* Begin XCSwiftPackageProductDependency section */
		E8CA0CB72775F35B004A3C75 /* Sparkle */ = {
			isa = XCSwiftPackageProductDependency;
			package = E8CA0CB62775F35B004A3C75 /* XCRemoteSwiftPackageReference "Sparkle" */;
			productName = Sparkle;
		};
		E8E8D41B2585A80B00671AE9 /* KeyboardShortcuts */ = {
			isa = XCSwiftPackageProductDependency;
			package = E8E8D41A2585A80B00671AE9 /* XCRemoteSwiftPackageReference "KeyboardShortcuts" */;
			productName = KeyboardShortcuts;
		};
		E8EBF08B2575F8E4001BA74F /* LaunchAtLogin */ = {
			isa = XCSwiftPackageProductDependency;
			package = E8EBF08A2575F8E4001BA74F /* XCRemoteSwiftPackageReference "LaunchAtLogin" */;
			productName = LaunchAtLogin;
		};
/* End XCSwiftPackageProductDependency section */
	};
	rootObject = E87334DD256B51CF0012586E /* Project object */;
}
